# This file is automatically @generated by Cargo.
# It is not intended for manual editing.
version = 3

[[package]]
name = "adler"
version = "0.2.3"
source = "registry+https://github.com/rust-lang/crates.io-index"
checksum = "ee2a4ec343196209d6594e19543ae87a39f96d5534d7174822a3ad825dd6ed7e"

[[package]]
name = "autocfg"
version = "1.0.1"
source = "registry+https://github.com/rust-lang/crates.io-index"
checksum = "cdb031dd78e28731d87d56cc8ffef4a8f36ca26c38fe2de700543e627f8a464a"

[[package]]
name = "ayaya"
version = "2.0.1"
dependencies = [
 "miniz_oxide",
]

[[package]]
name = "miniz_oxide"
version = "0.4.3"
source = "registry+https://github.com/rust-lang/crates.io-index"
checksum = "0f2d26ec3309788e423cfbf68ad1800f061638098d76a83681af979dc4eda19d"
dependencies = [
 "adler",
 "autocfg",
]
